
Microsoft Visual Studio Solution File, Format Version 12.00
# Visual Studio Version 16
VisualStudioVersion = 16.0.29102.190
MinimumVisualStudioVersion = 10.0.40219.1
Project("{9A19103F-16F7-4668-BE54-9A1E7A4F7556}") = "diggers-flyers", "diggers-flyers.csproj", "{34864F28-BB22-4CAF-A169-06B54CE541B3}"
EndProject
Global
	GlobalSection(SolutionConfigurationPlatforms) = preSolution
		Debug|Any CPU = Debug|Any CPU
		Release|Any CPU = Release|Any CPU
	EndGlobalSection
	GlobalSection(ProjectConfigurationPlatforms) = postSolution
		{34864F28-BB22-4CAF-A169-06B54CE541B3}.Debug|Any CPU.ActiveCfg = Debug|Any CPU
		{34864F28-BB22-4CAF-A169-06B54CE541B3}.Debug|Any CPU.Build.0 = Debug|Any CPU
		{34864F28-BB22-4CAF-A169-06B54CE541B3}.Release|Any CPU.ActiveCfg = Release|Any CPU
		{34864F28-BB22-4CAF-A169-06B54CE541B3}.Release|Any CPU.Build.0 = Release|Any CPU
	EndGlobalSection
	GlobalSection(SolutionProperties) = preSolution
		HideSolutionNode = FALSE
	EndGlobalSection
	GlobalSection(ExtensibilityGlobals) = postSolution
		SolutionGuid = {847E0C32-D6B1-44D0-85E4-CB89EE9D8FB2}
	EndGlobalSection
EndGlobal
